
Microsoft Visual Studio Solution File, Format Version 12.00
# Visual Studio Version 16
VisualStudioVersion = 16.0.30611.23
MinimumVisualStudioVersion = 10.0.40219.1
Project("{FAE04EC0-301F-11D3-BF4B-00C04F79EFBC}") = "Question7", "Question7\Question7.csproj", "{BBA1EE10-725B-4546-9B89-9824E7A4FAD9}"
EndProject
Project("{FAE04EC0-301F-11D3-BF4B-00C04F79EFBC}") = "OrderForm", "Order\OrderForm.csproj", "{8344AA73-BD57-423C-A6FE-A697F49FAD28}"
EndProject
Project("{FAE04EC0-301F-11D3-BF4B-00C04F79EFBC}") = "OrderService", "OrderService\OrderService.csproj", "{4D556879-8385-4C47-9DFC-5174F2CC2F47}"
EndProject
Global
	GlobalSection(SolutionConfigurationPlatforms) = preSolution
		Debug|Any CPU = Debug|Any CPU
		Release|Any CPU = Release|Any CPU
	EndGlobalSection
	GlobalSection(ProjectConfigurationPlatforms) = postSolution
		{BBA1EE10-725B-4546-9B89-9824E7A4FAD9}.Debug|Any CPU.ActiveCfg = Debug|Any CPU
		{BBA1EE10-725B-4546-9B89-9824E7A4FAD9}.Debug|Any CPU.Build.0 = Debug|Any CPU
		{BBA1EE10-725B-4546-9B89-9824E7A4FAD9}.Release|Any CPU.ActiveCfg = Release|Any CPU
		{BBA1EE10-725B-4546-9B89-9824E7A4FAD9}.Release|Any CPU.Build.0 = Release|Any CPU
		{8344AA73-BD57-423C-A6FE-A697F49FAD28}.Debug|Any CPU.ActiveCfg = Debug|Any CPU
		{8344AA73-BD57-423C-A6FE-A697F49FAD28}.Debug|Any CPU.Build.0 = Debug|Any CPU
		{8344AA73-BD57-423C-A6FE-A697F49FAD28}.Release|Any CPU.ActiveCfg = Release|Any CPU
		{8344AA73-BD57-423C-A6FE-A697F49FAD28}.Release|Any CPU.Build.0 = Release|Any CPU
		{4D556879-8385-4C47-9DFC-5174F2CC2F47}.Debug|Any CPU.ActiveCfg = Debug|Any CPU
		{4D556879-8385-4C47-9DFC-5174F2CC2F47}.Debug|Any CPU.Build.0 = Debug|Any CPU
		{4D556879-8385-4C47-9DFC-5174F2CC2F47}.Release|Any CPU.ActiveCfg = Release|Any CPU
		{4D556879-8385-4C47-9DFC-5174F2CC2F47}.Release|Any CPU.Build.0 = Release|Any CPU
	EndGlobalSection
	GlobalSection(SolutionProperties) = preSolution
		HideSolutionNode = FALSE
	EndGlobalSection
	GlobalSection(ExtensibilityGlobals) = postSolution
		SolutionGuid = {4B44BB24-76D8-4709-B311-DD55545F4836}
	EndGlobalSection
EndGlobal
