
Microsoft Visual Studio Solution File, Format Version 12.00
# Visual Studio Version 16
VisualStudioVersion = 16.0.30503.244
MinimumVisualStudioVersion = 10.0.40219.1
Project("{9A19103F-16F7-4668-BE54-9A1E7A4F7556}") = "Question2", "Question2\Question2.csproj", "{0052D6D2-D3F6-4431-9423-3CBFA69C7411}"
EndProject
Project("{9A19103F-16F7-4668-BE54-9A1E7A4F7556}") = "ForEach", "ForEach\ForEach.csproj", "{991BF408-CBDC-428F-BEB1-EAA2CB37473D}"
EndProject
Project("{FAE04EC0-301F-11D3-BF4B-00C04F79EFBC}") = "Alarm", "Alarm\Alarm.csproj", "{0C89ECA0-D461-49A0-8F01-1F65F38AD4DA}"
EndProject
Global
	GlobalSection(SolutionConfigurationPlatforms) = preSolution
		Debug|Any CPU = Debug|Any CPU
		Release|Any CPU = Release|Any CPU
	EndGlobalSection
	GlobalSection(ProjectConfigurationPlatforms) = postSolution
		{0052D6D2-D3F6-4431-9423-3CBFA69C7411}.Debug|Any CPU.ActiveCfg = Debug|Any CPU
		{0052D6D2-D3F6-4431-9423-3CBFA69C7411}.Debug|Any CPU.Build.0 = Debug|Any CPU
		{0052D6D2-D3F6-4431-9423-3CBFA69C7411}.Release|Any CPU.ActiveCfg = Release|Any CPU
		{0052D6D2-D3F6-4431-9423-3CBFA69C7411}.Release|Any CPU.Build.0 = Release|Any CPU
		{991BF408-CBDC-428F-BEB1-EAA2CB37473D}.Debug|Any CPU.ActiveCfg = Debug|Any CPU
		{991BF408-CBDC-428F-BEB1-EAA2CB37473D}.Debug|Any CPU.Build.0 = Debug|Any CPU
		{991BF408-CBDC-428F-BEB1-EAA2CB37473D}.Release|Any CPU.ActiveCfg = Release|Any CPU
		{991BF408-CBDC-428F-BEB1-EAA2CB37473D}.Release|Any CPU.Build.0 = Release|Any CPU
		{0C89ECA0-D461-49A0-8F01-1F65F38AD4DA}.Debug|Any CPU.ActiveCfg = Debug|Any CPU
		{0C89ECA0-D461-49A0-8F01-1F65F38AD4DA}.Debug|Any CPU.Build.0 = Debug|Any CPU
		{0C89ECA0-D461-49A0-8F01-1F65F38AD4DA}.Release|Any CPU.ActiveCfg = Release|Any CPU
		{0C89ECA0-D461-49A0-8F01-1F65F38AD4DA}.Release|Any CPU.Build.0 = Release|Any CPU
	EndGlobalSection
	GlobalSection(SolutionProperties) = preSolution
		HideSolutionNode = FALSE
	EndGlobalSection
	GlobalSection(ExtensibilityGlobals) = postSolution
		SolutionGuid = {EE77BDC7-31B8-4548-BD4B-7D5F636943D1}
	EndGlobalSection
EndGlobal
